Microsoft Visual Studio Solution File, Format Version 12.00
# Visual Studio Version 16
VisualStudioVersion = 16.0.0.0
MinimumVisualStudioVersion = 16.0.0.0
Project("{9A19103F-16F7-4668-BE54-9A1E7A4F7556}") = "Intrepion.VideoGames.Zelda", "Intrepion.VideoGames.Zelda\Intrepion.VideoGames.Zelda.csproj", "{0EACF4D5-2FC2-408E-BAA1-2F5502A6028C}"
EndProject
Project("{9A19103F-16F7-4668-BE54-9A1E7A4F7556}") = "Intrepion.VideoGames.Zelda.Client", "Intrepion.VideoGames.Zelda.Client\Intrepion.VideoGames.Zelda.Client.csproj", "{DF93F541-81F9-4790-894A-2D1268ED48DA}"
EndProject
Project("{FAE04EC0-301F-11D3-BF4B-00C04F79EFBC}") = "Intrepion.VideoGames.Zelda.AcceptanceTests", "Intrepion.VideoGames.Zelda.AcceptanceTests\Intrepion.VideoGames.Zelda.AcceptanceTests.csproj", "{5C1D5EDC-D2B1-452B-8475-1DD62C0F8F5C}"
EndProject
Project("{FAE04EC0-301F-11D3-BF4B-00C04F79EFBC}") = "Intrepion.VideoGames.Zelda.BusinessLogic", "Intrepion.VideoGames.Zelda.BusinessLogic\Intrepion.VideoGames.Zelda.BusinessLogic.csproj", "{8E60197A-427B-4E7C-880F-AC0EA3696331}"
EndProject
Project("{FAE04EC0-301F-11D3-BF4B-00C04F79EFBC}") = "Intrepion.VideoGames.Zelda.BusinessLogic.UnitTests", "Intrepion.VideoGames.Zelda.BusinessLogic.UnitTests\Intrepion.VideoGames.Zelda.BusinessLogic.UnitTests.csproj", "{A3AFE09E-D309-4ADE-B0D7-0F9C21C717DB}"
EndProject
Project("{FAE04EC0-301F-11D3-BF4B-00C04F79EFBC}") = "Intrepion.VideoGames.Zelda.ConsoleProject", "Intrepion.VideoGames.Zelda.ConsoleProject\Intrepion.VideoGames.Zelda.ConsoleProject.csproj", "{7A215315-BF9B-4295-9861-127140C19E46}"
EndProject
Project("{FAE04EC0-301F-11D3-BF4B-00C04F79EFBC}") = "Intrepion.VideoGames.Zelda.Server.ControllerTests", "Intrepion.VideoGames.Zelda.Server.ControllerTests\Intrepion.VideoGames.Zelda.Server.ControllerTests.csproj", "{D1E07359-7AB7-4FAE-92AA-066D38C6FFC3}"
EndProject
Project("{FAE04EC0-301F-11D3-BF4B-00C04F79EFBC}") = "Intrepion.VideoGames.Zelda.Shared", "Intrepion.VideoGames.Zelda.Shared\Intrepion.VideoGames.Zelda.Shared.csproj", "{7C59E6F0-30AC-4E7E-A8E4-2E715A73D5EA}"
EndProject
Global
	GlobalSection(SolutionConfigurationPlatforms) = preSolution
		Debug|Any CPU = Debug|Any CPU
		Debug|x64 = Debug|x64
		Debug|x86 = Debug|x86
		Release|Any CPU = Release|Any CPU
		Release|x64 = Release|x64
		Release|x86 = Release|x86
	EndGlobalSection
	GlobalSection(ProjectConfigurationPlatforms) = postSolution
		{DF93F541-81F9-4790-894A-2D1268ED48DA}.Debug|Any CPU.ActiveCfg = Debug|Any CPU
		{DF93F541-81F9-4790-894A-2D1268ED48DA}.Debug|Any CPU.Build.0 = Debug|Any CPU
		{DF93F541-81F9-4790-894A-2D1268ED48DA}.Debug|x64.ActiveCfg = Debug|Any CPU
		{DF93F541-81F9-4790-894A-2D1268ED48DA}.Debug|x64.Build.0 = Debug|Any CPU
		{DF93F541-81F9-4790-894A-2D1268ED48DA}.Debug|x86.ActiveCfg = Debug|Any CPU
		{DF93F541-81F9-4790-894A-2D1268ED48DA}.Debug|x86.Build.0 = Debug|Any CPU
		{DF93F541-81F9-4790-894A-2D1268ED48DA}.Release|Any CPU.ActiveCfg = Release|Any CPU
		{DF93F541-81F9-4790-894A-2D1268ED48DA}.Release|Any CPU.Build.0 = Release|Any CPU
		{DF93F541-81F9-4790-894A-2D1268ED48DA}.Release|x64.ActiveCfg = Release|Any CPU
		{DF93F541-81F9-4790-894A-2D1268ED48DA}.Release|x64.Build.0 = Release|Any CPU
		{DF93F541-81F9-4790-894A-2D1268ED48DA}.Release|x86.ActiveCfg = Release|Any CPU
		{DF93F541-81F9-4790-894A-2D1268ED48DA}.Release|x86.Build.0 = Release|Any CPU
		{0EACF4D5-2FC2-408E-BAA1-2F5502A6028C}.Debug|Any CPU.ActiveCfg = Debug|Any CPU
		{0EACF4D5-2FC2-408E-BAA1-2F5502A6028C}.Debug|Any CPU.Build.0 = Debug|Any CPU
		{0EACF4D5-2FC2-408E-BAA1-2F5502A6028C}.Debug|x64.ActiveCfg = Debug|Any CPU
		{0EACF4D5-2FC2-408E-BAA1-2F5502A6028C}.Debug|x64.Build.0 = Debug|Any CPU
		{0EACF4D5-2FC2-408E-BAA1-2F5502A6028C}.Debug|x86.ActiveCfg = Debug|Any CPU
		{0EACF4D5-2FC2-408E-BAA1-2F5502A6028C}.Debug|x86.Build.0 = Debug|Any CPU
		{0EACF4D5-2FC2-408E-BAA1-2F5502A6028C}.Release|Any CPU.ActiveCfg = Release|Any CPU
		{0EACF4D5-2FC2-408E-BAA1-2F5502A6028C}.Release|Any CPU.Build.0 = Release|Any CPU
		{0EACF4D5-2FC2-408E-BAA1-2F5502A6028C}.Release|x64.ActiveCfg = Release|Any CPU
		{0EACF4D5-2FC2-408E-BAA1-2F5502A6028C}.Release|x64.Build.0 = Release|Any CPU
		{0EACF4D5-2FC2-408E-BAA1-2F5502A6028C}.Release|x86.ActiveCfg = Release|Any CPU
		{0EACF4D5-2FC2-408E-BAA1-2F5502A6028C}.Release|x86.Build.0 = Release|Any CPU
		{5C1D5EDC-D2B1-452B-8475-1DD62C0F8F5C}.Debug|Any CPU.ActiveCfg = Debug|Any CPU
		{5C1D5EDC-D2B1-452B-8475-1DD62C0F8F5C}.Debug|Any CPU.Build.0 = Debug|Any CPU
		{5C1D5EDC-D2B1-452B-8475-1DD62C0F8F5C}.Debug|x64.ActiveCfg = Debug|Any CPU
		{5C1D5EDC-D2B1-452B-8475-1DD62C0F8F5C}.Debug|x64.Build.0 = Debug|Any CPU
		{5C1D5EDC-D2B1-452B-8475-1DD62C0F8F5C}.Debug|x86.ActiveCfg = Debug|Any CPU
		{5C1D5EDC-D2B1-452B-8475-1DD62C0F8F5C}.Debug|x86.Build.0 = Debug|Any CPU
		{5C1D5EDC-D2B1-452B-8475-1DD62C0F8F5C}.Release|Any CPU.ActiveCfg = Release|Any CPU
		{5C1D5EDC-D2B1-452B-8475-1DD62C0F8F5C}.Release|Any CPU.Build.0 = Release|Any CPU
		{5C1D5EDC-D2B1-452B-8475-1DD62C0F8F5C}.Release|x64.ActiveCfg = Release|Any CPU
		{5C1D5EDC-D2B1-452B-8475-1DD62C0F8F5C}.Release|x64.Build.0 = Release|Any CPU
		{5C1D5EDC-D2B1-452B-8475-1DD62C0F8F5C}.Release|x86.ActiveCfg = Release|Any CPU
		{5C1D5EDC-D2B1-452B-8475-1DD62C0F8F5C}.Release|x86.Build.0 = Release|Any CPU
		{8E60197A-427B-4E7C-880F-AC0EA3696331}.Debug|Any CPU.ActiveCfg = Debug|Any CPU
		{8E60197A-427B-4E7C-880F-AC0EA3696331}.Debug|Any CPU.Build.0 = Debug|Any CPU
		{8E60197A-427B-4E7C-880F-AC0EA3696331}.Debug|x64.ActiveCfg = Debug|Any CPU
		{8E60197A-427B-4E7C-880F-AC0EA3696331}.Debug|x64.Build.0 = Debug|Any CPU
		{8E60197A-427B-4E7C-880F-AC0EA3696331}.Debug|x86.ActiveCfg = Debug|Any CPU
		{8E60197A-427B-4E7C-880F-AC0EA3696331}.Debug|x86.Build.0 = Debug|Any CPU
		{8E60197A-427B-4E7C-880F-AC0EA3696331}.Release|Any CPU.ActiveCfg = Release|Any CPU
		{8E60197A-427B-4E7C-880F-AC0EA3696331}.Release|Any CPU.Build.0 = Release|Any CPU
		{8E60197A-427B-4E7C-880F-AC0EA3696331}.Release|x64.ActiveCfg = Release|Any CPU
		{8E60197A-427B-4E7C-880F-AC0EA3696331}.Release|x64.Build.0 = Release|Any CPU
		{8E60197A-427B-4E7C-880F-AC0EA3696331}.Release|x86.ActiveCfg = Release|Any CPU
		{8E60197A-427B-4E7C-880F-AC0EA3696331}.Release|x86.Build.0 = Release|Any CPU
		{A3AFE09E-D309-4ADE-B0D7-0F9C21C717DB}.Debug|Any CPU.ActiveCfg = Debug|Any CPU
		{A3AFE09E-D309-4ADE-B0D7-0F9C21C717DB}.Debug|Any CPU.Build.0 = Debug|Any CPU
		{A3AFE09E-D309-4ADE-B0D7-0F9C21C717DB}.Debug|x64.ActiveCfg = Debug|Any CPU
		{A3AFE09E-D309-4ADE-B0D7-0F9C21C717DB}.Debug|x64.Build.0 = Debug|Any CPU
		{A3AFE09E-D309-4ADE-B0D7-0F9C21C717DB}.Debug|x86.ActiveCfg = Debug|Any CPU
		{A3AFE09E-D309-4ADE-B0D7-0F9C21C717DB}.Debug|x86.Build.0 = Debug|Any CPU
		{A3AFE09E-D309-4ADE-B0D7-0F9C21C717DB}.Release|Any CPU.ActiveCfg = Release|Any CPU
		{A3AFE09E-D309-4ADE-B0D7-0F9C21C717DB}.Release|Any CPU.Build.0 = Release|Any CPU
		{A3AFE09E-D309-4ADE-B0D7-0F9C21C717DB}.Release|x64.ActiveCfg = Release|Any CPU
		{A3AFE09E-D309-4ADE-B0D7-0F9C21C717DB}.Release|x64.Build.0 = Release|Any CPU
		{A3AFE09E-D309-4ADE-B0D7-0F9C21C717DB}.Release|x86.ActiveCfg = Release|Any CPU
		{A3AFE09E-D309-4ADE-B0D7-0F9C21C717DB}.Release|x86.Build.0 = Release|Any CPU
		{7A215315-BF9B-4295-9861-127140C19E46}.Debug|Any CPU.ActiveCfg = Debug|Any CPU
		{7A215315-BF9B-4295-9861-127140C19E46}.Debug|Any CPU.Build.0 = Debug|Any CPU
		{7A215315-BF9B-4295-9861-127140C19E46}.Debug|x64.ActiveCfg = Debug|Any CPU
		{7A215315-BF9B-4295-9861-127140C19E46}.Debug|x64.Build.0 = Debug|Any CPU
		{7A215315-BF9B-4295-9861-127140C19E46}.Debug|x86.ActiveCfg = Debug|Any CPU
		{7A215315-BF9B-4295-9861-127140C19E46}.Debug|x86.Build.0 = Debug|Any CPU
		{7A215315-BF9B-4295-9861-127140C19E46}.Release|Any CPU.ActiveCfg = Release|Any CPU
		{7A215315-BF9B-4295-9861-127140C19E46}.Release|Any CPU.Build.0 = Release|Any CPU
		{7A215315-BF9B-4295-9861-127140C19E46}.Release|x64.ActiveCfg = Release|Any CPU
		{7A215315-BF9B-4295-9861-127140C19E46}.Release|x64.Build.0 = Release|Any CPU
		{7A215315-BF9B-4295-9861-127140C19E46}.Release|x86.ActiveCfg = Release|Any CPU
		{7A215315-BF9B-4295-9861-127140C19E46}.Release|x86.Build.0 = Release|Any CPU
		{D1E07359-7AB7-4FAE-92AA-066D38C6FFC3}.Debug|Any CPU.ActiveCfg = Debug|Any CPU
		{D1E07359-7AB7-4FAE-92AA-066D38C6FFC3}.Debug|Any CPU.Build.0 = Debug|Any CPU
		{D1E07359-7AB7-4FAE-92AA-066D38C6FFC3}.Debug|x64.ActiveCfg = Debug|Any CPU
		{D1E07359-7AB7-4FAE-92AA-066D38C6FFC3}.Debug|x64.Build.0 = Debug|Any CPU
		{D1E07359-7AB7-4FAE-92AA-066D38C6FFC3}.Debug|x86.ActiveCfg = Debug|Any CPU
		{D1E07359-7AB7-4FAE-92AA-066D38C6FFC3}.Debug|x86.Build.0 = Debug|Any CPU
		{D1E07359-7AB7-4FAE-92AA-066D38C6FFC3}.Release|Any CPU.ActiveCfg = Release|Any CPU
		{D1E07359-7AB7-4FAE-92AA-066D38C6FFC3}.Release|Any CPU.Build.0 = Release|Any CPU
		{D1E07359-7AB7-4FAE-92AA-066D38C6FFC3}.Release|x64.ActiveCfg = Release|Any CPU
		{D1E07359-7AB7-4FAE-92AA-066D38C6FFC3}.Release|x64.Build.0 = Release|Any CPU
		{D1E07359-7AB7-4FAE-92AA-066D38C6FFC3}.Release|x86.ActiveCfg = Release|Any CPU
		{D1E07359-7AB7-4FAE-92AA-066D38C6FFC3}.Release|x86.Build.0 = Release|Any CPU
		{7C59E6F0-30AC-4E7E-A8E4-2E715A73D5EA}.Debug|Any CPU.ActiveCfg = Debug|Any CPU
		{7C59E6F0-30AC-4E7E-A8E4-2E715A73D5EA}.Debug|Any CPU.Build.0 = Debug|Any CPU
		{7C59E6F0-30AC-4E7E-A8E4-2E715A73D5EA}.Debug|x64.ActiveCfg = Debug|Any CPU
		{7C59E6F0-30AC-4E7E-A8E4-2E715A73D5EA}.Debug|x64.Build.0 = Debug|Any CPU
		{7C59E6F0-30AC-4E7E-A8E4-2E715A73D5EA}.Debug|x86.ActiveCfg = Debug|Any CPU
		{7C59E6F0-30AC-4E7E-A8E4-2E715A73D5EA}.Debug|x86.Build.0 = Debug|Any CPU
		{7C59E6F0-30AC-4E7E-A8E4-2E715A73D5EA}.Release|Any CPU.ActiveCfg = Release|Any CPU
		{7C59E6F0-30AC-4E7E-A8E4-2E715A73D5EA}.Release|Any CPU.Build.0 = Release|Any CPU
		{7C59E6F0-30AC-4E7E-A8E4-2E715A73D5EA}.Release|x64.ActiveCfg = Release|Any CPU
		{7C59E6F0-30AC-4E7E-A8E4-2E715A73D5EA}.Release|x64.Build.0 = Release|Any CPU
		{7C59E6F0-30AC-4E7E-A8E4-2E715A73D5EA}.Release|x86.ActiveCfg = Release|Any CPU
		{7C59E6F0-30AC-4E7E-A8E4-2E715A73D5EA}.Release|x86.Build.0 = Release|Any CPU
	EndGlobalSection
	GlobalSection(SolutionProperties) = preSolution
		HideSolutionNode = FALSE
	EndGlobalSection
	GlobalSection(ExtensibilityGlobals) = postSolution
		SolutionGuid = {BCC05E36-6B56-4DB7-8DE3-88E79612DA28}
	EndGlobalSection
EndGlobal
